# @generated - this file is auto-generated by `mise lock` https://mise.jdx.dev/dev-tools/mise-lock.html

lockfile_version = 3

[[tools."aqua:fish-shell/fish-shell"]]
version = "4.8.0"
backend = "aqua:fish-shell/fish-shell"
specifiers = ["latest"]

[tools."aqua:fish-shell/fish-shell"."platforms.linux-arm64"]
checksum = "sha256:62448786fb2809df9a1229fcd4431f08d79ca3f0b0080f92a1552a73b1e28b0a"
url = "https://github.com/fish-shell/fish-shell/releases/download/4.8.0/fish-4.8.0-linux-aarch64.tar.xz"
url_api = "https://api.github.com/repos/fish-shell/fish-shell/releases/assets/456512018"

[tools."aqua:fish-shell/fish-shell"."platforms.linux-arm64-musl"]
checksum = "sha256:62448786fb2809df9a1229fcd4431f08d79ca3f0b0080f92a1552a73b1e28b0a"
url = "https://github.com/fish-shell/fish-shell/releases/download/4.8.0/fish-4.8.0-linux-aarch64.tar.xz"
url_api = "https://api.github.com/repos/fish-shell/fish-shell/releases/assets/456512018"

[tools."aqua:fish-shell/fish-shell"."platforms.linux-x64"]
checksum = "sha256:98f7916878fc76be797cabf284f185b56f31a35681e3aec9b9faf7a4a6aa0d74"
url = "https://github.com/fish-shell/fish-shell/releases/download/4.8.0/fish-4.8.0-linux-x86_64.tar.xz"
url_api = "https://api.github.com/repos/fish-shell/fish-shell/releases/assets/456512017"

[tools."aqua:fish-shell/fish-shell"."platforms.linux-x64-musl"]
checksum = "sha256:98f7916878fc76be797cabf284f185b56f31a35681e3aec9b9faf7a4a6aa0d74"
url = "https://github.com/fish-shell/fish-shell/releases/download/4.8.0/fish-4.8.0-linux-x86_64.tar.xz"
url_api = "https://api.github.com/repos/fish-shell/fish-shell/releases/assets/456512017"

[tools."aqua:fish-shell/fish-shell"."platforms.macos-arm64"]
checksum = "sha256:bfa00f665374b837c1790c887901e1140237acd406f9211739068107582b1a8e"
url = "https://github.com/fish-shell/fish-shell/releases/download/4.8.0/fish-4.8.0.pkg"
url_api = "https://api.github.com/repos/fish-shell/fish-shell/releases/assets/458825016"

[tools."aqua:fish-shell/fish-shell"."platforms.macos-x64"]
checksum = "sha256:bfa00f665374b837c1790c887901e1140237acd406f9211739068107582b1a8e"
url = "https://github.com/fish-shell/fish-shell/releases/download/4.8.0/fish-4.8.0.pkg"
url_api = "https://api.github.com/repos/fish-shell/fish-shell/releases/assets/458825016"

[[tools.bat]]
version = "0.26.1"
backend = "aqua:sharkdp/bat"
specifiers = ["latest"]

[tools.bat."platforms.linux-arm64"]
checksum = "sha256:422eb73e11c854fddd99f5ca8461c2f1d6e6dce0a2a8c3d5daade5ffcb6564aa"
url = "https://github.com/sharkdp/bat/releases/download/v0.26.1/bat-v0.26.1-aarch64-unknown-linux-gnu.tar.gz"
url_api = "https://api.github.com/repos/sharkdp/bat/releases/assets/323548647"

[tools.bat."platforms.linux-arm64-musl"]
checksum = "sha256:6369242c584065f195fb20cb36fbd7cb63ae690605bbe89868a7596b596c2c23"
url = "https://github.com/sharkdp/bat/releases/download/v0.26.1/bat-v0.26.1-aarch64-unknown-linux-musl.tar.gz"
url_api = "https://api.github.com/repos/sharkdp/bat/releases/assets/323548153"

[tools.bat."platforms.linux-x64"]
checksum = "sha256:726f04c8f576a7fd18b7634f1bbf2f915c43494c1c0f013baa3287edb0d5a2a3"
url = "https://github.com/sharkdp/bat/releases/download/v0.26.1/bat-v0.26.1-x86_64-unknown-linux-gnu.tar.gz"
url_api = "https://api.github.com/repos/sharkdp/bat/releases/assets/323549181"

[tools.bat."platforms.linux-x64-musl"]
checksum = "sha256:0dcd8ac79732c0d5b136f11f4ee00e581440e16a44eab5b3105b611bbf2cf191"
url = "https://github.com/sharkdp/bat/releases/download/v0.26.1/bat-v0.26.1-x86_64-unknown-linux-musl.tar.gz"
url_api = "https://api.github.com/repos/sharkdp/bat/releases/assets/323549429"

[tools.bat."platforms.macos-arm64"]
checksum = "sha256:e30beff26779c9bf60bb541e1d79046250cb74378f2757f8eb250afddb19e114"
url = "https://github.com/sharkdp/bat/releases/download/v0.26.1/bat-v0.26.1-aarch64-apple-darwin.tar.gz"
url_api = "https://api.github.com/repos/sharkdp/bat/releases/assets/323548442"

[tools.bat."platforms.macos-x64"]
checksum = "sha256:830d63b0bba1fa040542ec569e3cf77f60d3356b9de75116a344b061e0894245"
url = "https://github.com/sharkdp/bat/releases/download/v0.26.1/bat-v0.26.1-x86_64-apple-darwin.tar.gz"
url_api = "https://api.github.com/repos/sharkdp/bat/releases/assets/323549786"

[tools.bat."platforms.windows-x64"]
checksum = "sha256:0f729b4b6f5f28d395c641eacc2e9ff68d0096b85aa0eec344aa62425144b69b"
url = "https://github.com/sharkdp/bat/releases/download/v0.26.1/bat-v0.26.1-x86_64-pc-windows-msvc.zip"
url_api = "https://api.github.com/repos/sharkdp/bat/releases/assets/323549116"

[[tools.cocogitto]]
version = "7.0.0"
backend = "aqua:cocogitto/cocogitto"
specifiers = ["latest"]

[tools.cocogitto."platforms.linux-arm64"]
checksum = "sha256:379949f50c4f8245ef9532913e83f351c048b55e40ebd52ed8a850642c07a753"
url = "https://github.com/cocogitto/cocogitto/releases/download/7.0.0/cocogitto-7.0.0-aarch64-unknown-linux-gnu.tar.gz"
url_api = "https://api.github.com/repos/cocogitto/cocogitto/releases/assets/366659384"

[tools.cocogitto."platforms.linux-x64"]
checksum = "sha256:e03938ff2c4c86d71c00c0f3284dbbe95c5ca76fe34a51f33e945c23010d59bb"
url = "https://github.com/cocogitto/cocogitto/releases/download/7.0.0/cocogitto-7.0.0-x86_64-unknown-linux-musl.tar.gz"
url_api = "https://api.github.com/repos/cocogitto/cocogitto/releases/assets/366659350"

[tools.cocogitto."platforms.linux-x64-musl"]
checksum = "sha256:e03938ff2c4c86d71c00c0f3284dbbe95c5ca76fe34a51f33e945c23010d59bb"
url = "https://github.com/cocogitto/cocogitto/releases/download/7.0.0/cocogitto-7.0.0-x86_64-unknown-linux-musl.tar.gz"
url_api = "https://api.github.com/repos/cocogitto/cocogitto/releases/assets/366659350"

[tools.cocogitto."platforms.macos-arm64"]
checksum = "sha256:429303b6d68c6461aa221ab4de82b26d0bbcdee7127947ea9c7c411ab9bc574c"
url = "https://github.com/cocogitto/cocogitto/releases/download/7.0.0/cocogitto-7.0.0-aarch64-apple-darwin.tar.gz"
url_api = "https://api.github.com/repos/cocogitto/cocogitto/releases/assets/366659431"

[tools.cocogitto."platforms.macos-x64"]
checksum = "sha256:591dcd462e2e35ecc21caf41a15a65d464b7ce1ce8a5c299fa0d46a7798dddb0"
url = "https://github.com/cocogitto/cocogitto/releases/download/7.0.0/cocogitto-7.0.0-x86_64-apple-darwin.tar.gz"
url_api = "https://api.github.com/repos/cocogitto/cocogitto/releases/assets/366659418"

[tools.cocogitto."platforms.windows-x64"]
checksum = "sha256:074f68f05d270da5c0d69d3e234ec362bec4c6e3189c21d1c948d038603655d7"
url = "https://github.com/cocogitto/cocogitto/releases/download/7.0.0/cocogitto-7.0.0-x86_64-pc-windows-msvc.tar.gz"
url_api = "https://api.github.com/repos/cocogitto/cocogitto/releases/assets/366659399"

[[tools.delta]]
version = "0.19.2"
backend = "aqua:dandavison/delta"
specifiers = ["latest"]

[tools.delta."platforms.linux-arm64"]
checksum = "sha256:0bfce159a5cddd5feb3d6db4a616d883ff51253ce08ac7ec11cb1d208cfaab9e"
url = "https://github.com/dandavison/delta/releases/download/0.19.2/delta-0.19.2-aarch64-unknown-linux-gnu.tar.gz"
url_api = "https://api.github.com/repos/dandavison/delta/releases/assets/383662337"

[tools.delta."platforms.linux-x64"]
checksum = "sha256:8e695c5f586a8c53d6c3b01be0b4a422ed218bfed2a56191caebe373a1c18ab2"
url = "https://github.com/dandavison/delta/releases/download/0.19.2/delta-0.19.2-x86_64-unknown-linux-gnu.tar.gz"
url_api = "https://api.github.com/repos/dandavison/delta/releases/assets/383662069"

[tools.delta."platforms.linux-x64-musl"]
checksum = "sha256:f1ea01ca7728ce3462debc359f39dfc7cbbc1a63224b71fefabf92042864aa1b"
url = "https://github.com/dandavison/delta/releases/download/0.19.2/delta-0.19.2-x86_64-unknown-linux-musl.tar.gz"
url_api = "https://api.github.com/repos/dandavison/delta/releases/assets/383662298"

[tools.delta."platforms.macos-arm64"]
checksum = "sha256:9be36612a5a13e9e386dc498fb8e50dc87c72ee42b63db0ea05b32f99a72a69a"
url = "https://github.com/dandavison/delta/releases/download/0.19.2/delta-0.19.2-aarch64-apple-darwin.tar.gz"
url_api = "https://api.github.com/repos/dandavison/delta/releases/assets/383662310"

[tools.delta."platforms.windows-x64"]
checksum = "sha256:ac8ebb4a9f1cbee8b9ea897ba119808a244181adae6f3bed1f3b6b923c50b557"
url = "https://github.com/dandavison/delta/releases/download/0.19.2/delta-0.19.2-x86_64-pc-windows-msvc.zip"
url_api = "https://api.github.com/repos/dandavison/delta/releases/assets/383663165"

[[tools.deno]]
version = "2.9.2"
backend = "core:deno"
specifiers = ["latest"]

[tools.deno."platforms.linux-arm64"]
checksum = "sha256:310b8f48e59964ff18890d35e64f64fb90e8b1cc5d9ebff8c818327d5afb16d2"
url = "https://dl.deno.land/release/v2.9.2/deno-aarch64-unknown-linux-gnu.zip"

[tools.deno."platforms.linux-arm64-musl"]
checksum = "sha256:310b8f48e59964ff18890d35e64f64fb90e8b1cc5d9ebff8c818327d5afb16d2"
url = "https://dl.deno.land/release/v2.9.2/deno-aarch64-unknown-linux-gnu.zip"

[tools.deno."platforms.linux-x64"]
checksum = "sha256:934d1bd5cb09eaed7f2e4a4fc58208d04a3c5c0fcde9f319d93d735265c67a4a"
url = "https://dl.deno.land/release/v2.9.2/deno-x86_64-unknown-linux-gnu.zip"

[tools.deno."platforms.linux-x64-musl"]
checksum = "sha256:934d1bd5cb09eaed7f2e4a4fc58208d04a3c5c0fcde9f319d93d735265c67a4a"
url = "https://dl.deno.land/release/v2.9.2/deno-x86_64-unknown-linux-gnu.zip"

[tools.deno."platforms.macos-arm64"]
checksum = "sha256:687ae485168ba73a4f1ee3a954eb4f077eca82f2fefd236a6a83a3889287876c"
url = "https://dl.deno.land/release/v2.9.2/deno-aarch64-apple-darwin.zip"

[tools.deno."platforms.macos-x64"]
checksum = "sha256:c953379e5a85a0a30e99aa51b807633e380e809a1181f53e4904d5fa73785bff"
url = "https://dl.deno.land/release/v2.9.2/deno-x86_64-apple-darwin.zip"

[tools.deno."platforms.windows-x64"]
checksum = "sha256:5fe194d26ac5ef77fcc5288c2c438c7a0465f3b6180440ebf04092714bf2dcdf"
url = "https://dl.deno.land/release/v2.9.2/deno-x86_64-pc-windows-msvc.zip"

[[tools.eza]]
version = "0.23.4"
backend = "aqua:eza-community/eza"
specifiers = ["latest"]

[tools.eza."platforms.linux-arm64"]
checksum = "sha256:366e8430225f9955c3dc659b452150c169894833ccfef455e01765e265a3edda"
url = "https://github.com/eza-community/eza/releases/download/v0.23.4/eza_aarch64-unknown-linux-gnu.tar.gz"
url_api = "https://api.github.com/repos/eza-community/eza/releases/assets/300249822"

[tools.eza."platforms.linux-x64"]
checksum = "sha256:0c38665440226cd8bef5d1d4f3bc6ff77c927fb0d68b752739105db7ab5b358d"
url = "https://github.com/eza-community/eza/releases/download/v0.23.4/eza_x86_64-unknown-linux-gnu.tar.gz"
url_api = "https://api.github.com/repos/eza-community/eza/releases/assets/300249830"

[tools.eza."platforms.linux-x64-musl"]
checksum = "sha256:d231bb3ee33b08c76279b5888845dceb7034d055c42bb9be46dbe0dae39394df"
url = "https://github.com/eza-community/eza/releases/download/v0.23.4/eza_x86_64-unknown-linux-musl.tar.gz"
url_api = "https://api.github.com/repos/eza-community/eza/releases/assets/300249833"

[tools.eza."platforms.windows-x64"]
checksum = "sha256:4d4f87f6bc8e6ee176789c28bee698234ce0275da013709eb16b0f14819c1688"
url = "https://github.com/eza-community/eza/releases/download/v0.23.4/eza.exe_x86_64-pc-windows-gnu.tar.gz"
url_api = "https://api.github.com/repos/eza-community/eza/releases/assets/300249826"

[[tools.fzf]]
version = "0.73.1"
backend = "aqua:junegunn/fzf"
specifiers = ["latest"]

[tools.fzf."platforms.linux-arm64"]
checksum = "sha256:a408b0b6c08d486307b8f1554f967b8b50ee1b3ea8b4035e3161bab31fdfc28d"
url = "https://github.com/junegunn/fzf/releases/download/v0.73.1/fzf-0.73.1-linux_arm64.tar.gz"
url_api = "https://api.github.com/repos/junegunn/fzf/releases/assets/429088746"

[tools.fzf."platforms.linux-arm64-musl"]
checksum = "sha256:a408b0b6c08d486307b8f1554f967b8b50ee1b3ea8b4035e3161bab31fdfc28d"
url = "https://github.com/junegunn/fzf/releases/download/v0.73.1/fzf-0.73.1-linux_arm64.tar.gz"
url_api = "https://api.github.com/repos/junegunn/fzf/releases/assets/429088746"

[tools.fzf."platforms.linux-x64"]
checksum = "sha256:f3252c2c366bc1700d3c85781ec8c9695998927ac127870eb049ceea2d540f8a"
url = "https://github.com/junegunn/fzf/releases/download/v0.73.1/fzf-0.73.1-linux_amd64.tar.gz"
url_api = "https://api.github.com/repos/junegunn/fzf/releases/assets/429088716"

[tools.fzf."platforms.linux-x64-musl"]
checksum = "sha256:f3252c2c366bc1700d3c85781ec8c9695998927ac127870eb049ceea2d540f8a"
url = "https://github.com/junegunn/fzf/releases/download/v0.73.1/fzf-0.73.1-linux_amd64.tar.gz"
url_api = "https://api.github.com/repos/junegunn/fzf/releases/assets/429088716"

[tools.fzf."platforms.macos-arm64"]
checksum = "sha256:d27fd68c04fb9b42f7c73a3f7d38069a74d308e40174f64a072c747213e97286"
url = "https://github.com/junegunn/fzf/releases/download/v0.73.1/fzf-0.73.1-darwin_arm64.tar.gz"
url_api = "https://api.github.com/repos/junegunn/fzf/releases/assets/429088717"

[tools.fzf."platforms.macos-x64"]
checksum = "sha256:75bbf15248d1cf0a13eafc75b8a55f5075c437e2ba6d76899afc53f4f3e1b38c"
url = "https://github.com/junegunn/fzf/releases/download/v0.73.1/fzf-0.73.1-darwin_amd64.tar.gz"
url_api = "https://api.github.com/repos/junegunn/fzf/releases/assets/429088719"

[tools.fzf."platforms.windows-x64"]
checksum = "sha256:521a974dc32e93404265e55bffaf71a59e05e80abdf8ca4afb21a6030dc76f5f"
url = "https://github.com/junegunn/fzf/releases/download/v0.73.1/fzf-0.73.1-windows_amd64.zip"
url_api = "https://api.github.com/repos/junegunn/fzf/releases/assets/429088728"

[[tools.github-cli]]
version = "2.96.0"
backend = "aqua:cli/cli"
specifiers = ["latest"]

[tools.github-cli."platforms.linux-arm64"]
checksum = "sha256:06f86ec7103d41993b76cd78072f43595c34aaa56506d971d9860e67140bf909"
url = "https://github.com/cli/cli/releases/download/v2.96.0/gh_2.96.0_linux_arm64.tar.gz"
url_api = "https://api.github.com/repos/cli/cli/releases/assets/464728549"
provenance = "github-attestations"

[tools.github-cli."platforms.linux-arm64-musl"]
checksum = "sha256:06f86ec7103d41993b76cd78072f43595c34aaa56506d971d9860e67140bf909"
url = "https://github.com/cli/cli/releases/download/v2.96.0/gh_2.96.0_linux_arm64.tar.gz"
url_api = "https://api.github.com/repos/cli/cli/releases/assets/464728549"
provenance = "github-attestations"

[tools.github-cli."platforms.linux-x64"]
checksum = "sha256:83d5c2ccad5498f58bf6368acb1ab32588cf43ab3a4b1c301bf36328b1c8bd60"
url = "https://github.com/cli/cli/releases/download/v2.96.0/gh_2.96.0_linux_amd64.tar.gz"
url_api = "https://api.github.com/repos/cli/cli/releases/assets/464728543"
provenance = "github-attestations"

[tools.github-cli."platforms.linux-x64-musl"]
checksum = "sha256:83d5c2ccad5498f58bf6368acb1ab32588cf43ab3a4b1c301bf36328b1c8bd60"
url = "https://github.com/cli/cli/releases/download/v2.96.0/gh_2.96.0_linux_amd64.tar.gz"
url_api = "https://api.github.com/repos/cli/cli/releases/assets/464728543"
provenance = "github-attestations"

[tools.github-cli."platforms.macos-arm64"]
checksum = "sha256:f23a0c37d963aacc3bed703ccbd59b41c5ca22101fab7f00eb2b7cad23aba463"
url = "https://github.com/cli/cli/releases/download/v2.96.0/gh_2.96.0_macOS_arm64.zip"
url_api = "https://api.github.com/repos/cli/cli/releases/assets/464728562"
provenance = "github-attestations"

[tools.github-cli."platforms.macos-x64"]
checksum = "sha256:4bd449df9ad639391bc62b8032546f0fe9edcd8526e06682a4f88abd8c5d163c"
url = "https://github.com/cli/cli/releases/download/v2.96.0/gh_2.96.0_macOS_amd64.zip"
url_api = "https://api.github.com/repos/cli/cli/releases/assets/464728560"
provenance = "github-attestations"

[tools.github-cli."platforms.windows-x64"]
checksum = "sha256:c2d6acc935cd2f00e2144d7e036d5cd82e6b6bd5594e8c75aa75ef2a4ed6aac3"
url = "https://github.com/cli/cli/releases/download/v2.96.0/gh_2.96.0_windows_amd64.zip"
url_api = "https://api.github.com/repos/cli/cli/releases/assets/464728577"
provenance = "github-attestations"

[[tools.helix]]
version = "25.07.1"
backend = "aqua:helix-editor/helix"
specifiers = ["latest"]

[tools.helix."platforms.linux-arm64"]
checksum = "sha256:ce23fa8d395e633e3e54c052012f11965d91d8d5c2bfa659685f50430b4f8175"
url = "https://github.com/helix-editor/helix/releases/download/25.07.1/helix-25.07.1-aarch64-linux.tar.xz"
url_api = "https://api.github.com/repos/helix-editor/helix/releases/assets/274144408"

[tools.helix."platforms.linux-arm64-musl"]
checksum = "sha256:ce23fa8d395e633e3e54c052012f11965d91d8d5c2bfa659685f50430b4f8175"
url = "https://github.com/helix-editor/helix/releases/download/25.07.1/helix-25.07.1-aarch64-linux.tar.xz"
url_api = "https://api.github.com/repos/helix-editor/helix/releases/assets/274144408"

[tools.helix."platforms.linux-x64"]
checksum = "sha256:3f08e63ecd388fff657ad39722f88bb03dcf326f1f2da2700d99e1dc40ab2e8b"
url = "https://github.com/helix-editor/helix/releases/download/25.07.1/helix-25.07.1-x86_64-linux.tar.xz"
url_api = "https://api.github.com/repos/helix-editor/helix/releases/assets/274144380"

[tools.helix."platforms.linux-x64-musl"]
checksum = "sha256:3f08e63ecd388fff657ad39722f88bb03dcf326f1f2da2700d99e1dc40ab2e8b"
url = "https://github.com/helix-editor/helix/releases/download/25.07.1/helix-25.07.1-x86_64-linux.tar.xz"
url_api = "https://api.github.com/repos/helix-editor/helix/releases/assets/274144380"

[tools.helix."platforms.macos-arm64"]
checksum = "sha256:00b1651b4fdbbe0a2ae981c8e76b858bd26a7c33f5b3583f3b6bb9137d54f1ff"
url = "https://github.com/helix-editor/helix/releases/download/25.07.1/helix-25.07.1-aarch64-macos.tar.xz"
url_api = "https://api.github.com/repos/helix-editor/helix/releases/assets/274144403"

[tools.helix."platforms.macos-x64"]
checksum = "sha256:84dc32d617d28d32f4aa21e3aafac47bd715d1154aeb977697d4d60b887b7103"
url = "https://github.com/helix-editor/helix/releases/download/25.07.1/helix-25.07.1-x86_64-macos.tar.xz"
url_api = "https://api.github.com/repos/helix-editor/helix/releases/assets/274144378"

[tools.helix."platforms.windows-x64"]
checksum = "sha256:5c8325ced8bacd8418d62706f669e96d9c3578a9237526e34d546900cbc049b6"
url = "https://github.com/helix-editor/helix/releases/download/25.07.1/helix-25.07.1-x86_64-windows.zip"
url_api = "https://api.github.com/repos/helix-editor/helix/releases/assets/274144377"

[[tools.just]]
version = "1.55.1"
backend = "aqua:casey/just"
specifiers = ["latest"]

[tools.just."platforms.linux-arm64"]
checksum = "sha256:b0ee814c9656427408e339893541e30d9027828686839499b2a2a34dd61ad173"
url = "https://github.com/casey/just/releases/download/1.55.1/just-1.55.1-aarch64-unknown-linux-musl.tar.gz"
url_api = "https://api.github.com/repos/casey/just/releases/assets/461837350"

[tools.just."platforms.linux-arm64-musl"]
checksum = "sha256:b0ee814c9656427408e339893541e30d9027828686839499b2a2a34dd61ad173"
url = "https://github.com/casey/just/releases/download/1.55.1/just-1.55.1-aarch64-unknown-linux-musl.tar.gz"
url_api = "https://api.github.com/repos/casey/just/releases/assets/461837350"

[tools.just."platforms.linux-x64"]
checksum = "sha256:b0ef600f0df20d5ae91ae931627c499fc52b477ffe5f5ea7b7b3ec616b16c778"
url = "https://github.com/casey/just/releases/download/1.55.1/just-1.55.1-x86_64-unknown-linux-musl.tar.gz"
url_api = "https://api.github.com/repos/casey/just/releases/assets/461837276"

[tools.just."platforms.linux-x64-musl"]
checksum = "sha256:b0ef600f0df20d5ae91ae931627c499fc52b477ffe5f5ea7b7b3ec616b16c778"
url = "https://github.com/casey/just/releases/download/1.55.1/just-1.55.1-x86_64-unknown-linux-musl.tar.gz"
url_api = "https://api.github.com/repos/casey/just/releases/assets/461837276"

[tools.just."platforms.macos-arm64"]
checksum = "sha256:0225e3899b1b555bc3f4122d0402ba931a6ee697d188c68e4d971468064c78f4"
url = "https://github.com/casey/just/releases/download/1.55.1/just-1.55.1-aarch64-apple-darwin.tar.gz"
url_api = "https://api.github.com/repos/casey/just/releases/assets/461837511"

[tools.just."platforms.macos-x64"]
checksum = "sha256:74d7d0afc195df14d8e34636fb9b6a9c7d3d443622478dbe86140ffe41ad9192"
url = "https://github.com/casey/just/releases/download/1.55.1/just-1.55.1-x86_64-apple-darwin.tar.gz"
url_api = "https://api.github.com/repos/casey/just/releases/assets/461837280"

[tools.just."platforms.windows-x64"]
checksum = "sha256:8106e6c036aea52dd1d5109bdf9357c37ba87a0e0ef1013d7327103942550c79"
url = "https://github.com/casey/just/releases/download/1.55.1/just-1.55.1-x86_64-pc-windows-msvc.zip"
url_api = "https://api.github.com/repos/casey/just/releases/assets/461838062"

[[tools.neovim]]
version = "0.12.4"
backend = "vfox:mise-plugins/vfox-neovim"
specifiers = ["latest"]

[tools.neovim."platforms.linux-arm64"]
url = "https://github.com/neovim/neovim/releases/download/v0.12.4/nvim-linux-arm64.tar.gz"

[tools.neovim."platforms.linux-arm64-musl"]
url = "https://github.com/neovim/neovim/releases/download/v0.12.4/nvim-linux-arm64.tar.gz"

[tools.neovim."platforms.linux-x64"]
url = "https://github.com/neovim/neovim/releases/download/v0.12.4/nvim-linux-x86_64.tar.gz"

[tools.neovim."platforms.linux-x64-musl"]
url = "https://github.com/neovim/neovim/releases/download/v0.12.4/nvim-linux-x86_64.tar.gz"

[tools.neovim."platforms.macos-arm64"]
url = "https://github.com/neovim/neovim/releases/download/v0.12.4/nvim-macos-arm64.tar.gz"

[tools.neovim."platforms.macos-x64"]
url = "https://github.com/neovim/neovim/releases/download/v0.12.4/nvim-macos-x86_64.tar.gz"

[tools.neovim."platforms.windows-x64"]
url = "https://github.com/neovim/neovim/releases/download/v0.12.4/nvim-win64.zip"

[[tools.ripgrep]]
version = "15.1.0"
backend = "aqua:BurntSushi/ripgrep"
specifiers = ["latest"]

[tools.ripgrep."platforms.linux-arm64"]
checksum = "sha256:2b661c6ef508e902f388e9098d9c4c5aca72c87b55922d94abdba830b4dc885e"
url = "https://github.com/BurntSushi/ripgrep/releases/download/15.1.0/ripgrep-15.1.0-aarch64-unknown-linux-gnu.tar.gz"
url_api = "https://api.github.com/repos/BurntSushi/ripgrep/releases/assets/307306472"

[tools.ripgrep."platforms.linux-x64"]
checksum = "sha256:1c9297be4a084eea7ecaedf93eb03d058d6faae29bbc57ecdaf5063921491599"
url = "https://github.com/BurntSushi/ripgrep/releases/download/15.1.0/ripgrep-15.1.0-x86_64-unknown-linux-musl.tar.gz"
url_api = "https://api.github.com/repos/BurntSushi/ripgrep/releases/assets/307306614"

[tools.ripgrep."platforms.linux-x64-musl"]
checksum = "sha256:1c9297be4a084eea7ecaedf93eb03d058d6faae29bbc57ecdaf5063921491599"
url = "https://github.com/BurntSushi/ripgrep/releases/download/15.1.0/ripgrep-15.1.0-x86_64-unknown-linux-musl.tar.gz"
url_api = "https://api.github.com/repos/BurntSushi/ripgrep/releases/assets/307306614"

[tools.ripgrep."platforms.macos-arm64"]
checksum = "sha256:378e973289176ca0c6054054ee7f631a065874a352bf43f0fa60ef079b6ba715"
url = "https://github.com/BurntSushi/ripgrep/releases/download/15.1.0/ripgrep-15.1.0-aarch64-apple-darwin.tar.gz"
url_api = "https://api.github.com/repos/BurntSushi/ripgrep/releases/assets/307305438"

[tools.ripgrep."platforms.macos-x64"]
checksum = "sha256:64811cb24e77cac3057d6c40b63ac9becf9082eedd54ca411b475b755d334882"
url = "https://github.com/BurntSushi/ripgrep/releases/download/15.1.0/ripgrep-15.1.0-x86_64-apple-darwin.tar.gz"
url_api = "https://api.github.com/repos/BurntSushi/ripgrep/releases/assets/307305422"

[tools.ripgrep."platforms.windows-x64"]
checksum = "sha256:124510b94b6baa3380d051fdf4650eaa80a302c876d611e9dba0b2e18d87493a"
url = "https://github.com/BurntSushi/ripgrep/releases/download/15.1.0/ripgrep-15.1.0-x86_64-pc-windows-msvc.zip"
url_api = "https://api.github.com/repos/BurntSushi/ripgrep/releases/assets/307305871"

[[tools.starship]]
version = "1.26.0"
backend = "aqua:starship/starship"
specifiers = ["latest"]

[tools.starship."platforms.linux-arm64"]
checksum = "sha256:dc30189378d2f2e287384e8a692d3f95ad1df64cf0e8c36aa9201516028aed6b"
url = "https://github.com/starship/starship/releases/download/v1.26.0/starship-aarch64-unknown-linux-musl.tar.gz"
url_api = "https://api.github.com/repos/starship/starship/releases/assets/460374586"

[tools.starship."platforms.linux-arm64-musl"]
checksum = "sha256:dc30189378d2f2e287384e8a692d3f95ad1df64cf0e8c36aa9201516028aed6b"
url = "https://github.com/starship/starship/releases/download/v1.26.0/starship-aarch64-unknown-linux-musl.tar.gz"
url_api = "https://api.github.com/repos/starship/starship/releases/assets/460374586"

[tools.starship."platforms.linux-x64"]
checksum = "sha256:321f0dd7af8340a5f2e6a8fec6538a04f617486f9ec70d878f91c09cd8deef22"
url = "https://github.com/starship/starship/releases/download/v1.26.0/starship-x86_64-unknown-linux-gnu.tar.gz"
url_api = "https://api.github.com/repos/starship/starship/releases/assets/460374620"

[tools.starship."platforms.linux-x64-musl"]
checksum = "sha256:b7c232b0e8249d8e55a40beb79c5c43a7d370f3f9408bd215deb0170daeaadf3"
url = "https://github.com/starship/starship/releases/download/v1.26.0/starship-x86_64-unknown-linux-musl.tar.gz"
url_api = "https://api.github.com/repos/starship/starship/releases/assets/460374630"

[tools.starship."platforms.macos-arm64"]
checksum = "sha256:c40b27b11f580411e068f2fa6c1be7830a387c0bc47a94d1d37f32b054c5361d"
url = "https://github.com/starship/starship/releases/download/v1.26.0/starship-aarch64-apple-darwin.tar.gz"
url_api = "https://api.github.com/repos/starship/starship/releases/assets/460374577"

[tools.starship."platforms.macos-x64"]
checksum = "sha256:5548f406a4b6f5695903bdea83f77ce47ec12c8c0e62dabd33122d8f133e4207"
url = "https://github.com/starship/starship/releases/download/v1.26.0/starship-x86_64-apple-darwin.tar.gz"
url_api = "https://api.github.com/repos/starship/starship/releases/assets/460374608"

[tools.starship."platforms.windows-x64"]
checksum = "sha256:690021e22f2bf2c57d5867dc0fababe5e55e714c26942bd909ffddb6c5df42f2"
url = "https://github.com/starship/starship/releases/download/v1.26.0/starship-x86_64-pc-windows-msvc.zip"
url_api = "https://api.github.com/repos/starship/starship/releases/assets/460374615"

[[tools.zellij]]
version = "0.44.3"
backend = "aqua:zellij-org/zellij"
specifiers = ["latest"]

[tools.zellij."platforms.linux-arm64"]
checksum = "sha256:15e6534d42644d66973d136c590c49739dcfd6a1a2a0d3d917973f16c81b45fb"
url = "https://github.com/zellij-org/zellij/releases/download/v0.44.3/zellij-aarch64-unknown-linux-musl.tar.gz"
url_api = "https://api.github.com/repos/zellij-org/zellij/releases/assets/419104967"

[tools.zellij."platforms.linux-arm64-musl"]
checksum = "sha256:15e6534d42644d66973d136c590c49739dcfd6a1a2a0d3d917973f16c81b45fb"
url = "https://github.com/zellij-org/zellij/releases/download/v0.44.3/zellij-aarch64-unknown-linux-musl.tar.gz"
url_api = "https://api.github.com/repos/zellij-org/zellij/releases/assets/419104967"

[tools.zellij."platforms.linux-x64"]
checksum = "sha256:0f7c346788627f506c0a28296517768633cff24fc822a739f8264b640ecad751"
url = "https://github.com/zellij-org/zellij/releases/download/v0.44.3/zellij-x86_64-unknown-linux-musl.tar.gz"
url_api = "https://api.github.com/repos/zellij-org/zellij/releases/assets/419104852"

[tools.zellij."platforms.linux-x64-musl"]
checksum = "sha256:0f7c346788627f506c0a28296517768633cff24fc822a739f8264b640ecad751"
url = "https://github.com/zellij-org/zellij/releases/download/v0.44.3/zellij-x86_64-unknown-linux-musl.tar.gz"
url_api = "https://api.github.com/repos/zellij-org/zellij/releases/assets/419104852"

[tools.zellij."platforms.macos-arm64"]
checksum = "sha256:b6acf83a7739cf5f0f4e9bd47709642d4d98acbbf8c34d4a12c6e706f531da61"
url = "https://github.com/zellij-org/zellij/releases/download/v0.44.3/zellij-aarch64-apple-darwin.tar.gz"
url_api = "https://api.github.com/repos/zellij-org/zellij/releases/assets/419107237"

[tools.zellij."platforms.macos-x64"]
checksum = "sha256:59f803faa32cd4e5f316f0dc2d3b7a5530a72553e38ad939286471848a418eeb"
url = "https://github.com/zellij-org/zellij/releases/download/v0.44.3/zellij-x86_64-apple-darwin.tar.gz"
url_api = "https://api.github.com/repos/zellij-org/zellij/releases/assets/419104498"

[tools.zellij."platforms.windows-x64"]
checksum = "sha256:45f25febb588d36f499232b3ba80a9edcde3b3a2a85bebb105a82457b0ca6aef"
url = "https://github.com/zellij-org/zellij/releases/download/v0.44.3/zellij-x86_64-pc-windows-msvc.zip"
url_api = "https://api.github.com/repos/zellij-org/zellij/releases/assets/419114890"

[[tools.zoxide]]
version = "0.9.9"
backend = "aqua:ajeetdsouza/zoxide"
specifiers = ["latest"]

[tools.zoxide."platforms.linux-arm64"]
checksum = "sha256:96e6ea2e47a71db42cb7ad5a36e9209c8cb3708f8ae00f6945573d0d93315cb0"
url = "https://github.com/ajeetdsouza/zoxide/releases/download/v0.9.9/zoxide-0.9.9-aarch64-unknown-linux-musl.tar.gz"
url_api = "https://api.github.com/repos/ajeetdsouza/zoxide/releases/assets/348580828"

[tools.zoxide."platforms.linux-arm64-musl"]
checksum = "sha256:96e6ea2e47a71db42cb7ad5a36e9209c8cb3708f8ae00f6945573d0d93315cb0"
url = "https://github.com/ajeetdsouza/zoxide/releases/download/v0.9.9/zoxide-0.9.9-aarch64-unknown-linux-musl.tar.gz"
url_api = "https://api.github.com/repos/ajeetdsouza/zoxide/releases/assets/348580828"

[tools.zoxide."platforms.linux-x64"]
checksum = "sha256:4ff057d3c4d957946937274c2b8be7af2a9bbae7f90a1b5e9baaa7cb65a20caa"
url = "https://github.com/ajeetdsouza/zoxide/releases/download/v0.9.9/zoxide-0.9.9-x86_64-unknown-linux-musl.tar.gz"
url_api = "https://api.github.com/repos/ajeetdsouza/zoxide/releases/assets/348580823"

[tools.zoxide."platforms.linux-x64-musl"]
checksum = "sha256:4ff057d3c4d957946937274c2b8be7af2a9bbae7f90a1b5e9baaa7cb65a20caa"
url = "https://github.com/ajeetdsouza/zoxide/releases/download/v0.9.9/zoxide-0.9.9-x86_64-unknown-linux-musl.tar.gz"
url_api = "https://api.github.com/repos/ajeetdsouza/zoxide/releases/assets/348580823"

[tools.zoxide."platforms.macos-arm64"]
checksum = "sha256:57e733d0436309dae2ed97e46bba43937209395298e1d88812d4e893900cb40a"
url = "https://github.com/ajeetdsouza/zoxide/releases/download/v0.9.9/zoxide-0.9.9-aarch64-apple-darwin.tar.gz"
url_api = "https://api.github.com/repos/ajeetdsouza/zoxide/releases/assets/348580748"

[tools.zoxide."platforms.macos-x64"]
checksum = "sha256:364249cff18354397c72ebb6b8f7358404c051c486e0f2f7a46e36c86c16f8c7"
url = "https://github.com/ajeetdsouza/zoxide/releases/download/v0.9.9/zoxide-0.9.9-x86_64-apple-darwin.tar.gz"
url_api = "https://api.github.com/repos/ajeetdsouza/zoxide/releases/assets/348580756"

[tools.zoxide."platforms.windows-x64"]
checksum = "sha256:5af00d0916f05631e3030537289eac56605e7c1733318c4d525c8e847f12496d"
url = "https://github.com/ajeetdsouza/zoxide/releases/download/v0.9.9/zoxide-0.9.9-x86_64-pc-windows-msvc.zip"
url_api = "https://api.github.com/repos/ajeetdsouza/zoxide/releases/assets/348580868"
